{
  "name": "bit-array",
  "version": "1.0.0",
  "lockfileVersion": 2,
  "requires": true,
  "packages": {
    "": {
      "name": "bit-array",
      "version": "1.0.0",
      "license": "MIT",
      "devDependencies": {
        "assemblyscript": "^0.26.0"
      }
    },
    "node_modules/assemblyscript": {
      "version": "0.26.1",
      "resolved": "https://registry.npmjs.org/assemblyscript/-/assemblyscript-0.26.1.tgz",
      "integrity": "sha512-RymqRhlvLaYg+5djizoA9tsUHL9LL9XjcDjdxCbgiMI7+/cvC01YJ53LpV2cynQ+QhHj2UcqE9CSNFDrDDnmkg==",
      "dev": true,
      "dependencies": {
        "binaryen": "110.0.0-nightly.20221105",
        "long": "^5.2.0"
      },
      "bin": {
        "asc": "bin/asc.js",
        "asinit": "bin/asinit.js"
      },
      "engines": {
        "node": ">=16.0.0",
        "npm": ">=7.0.0"
      },
      "funding": {
        "type": "opencollective",
        "url": "https://opencollective.com/assemblyscript"
      }
    },
    "node_modules/binaryen": {
      "version": "110.0.0-nightly.20221105",
      "resolved": "https://registry.npmjs.org/binaryen/-/binaryen-110.0.0-nightly.20221105.tgz",
      "integrity": "sha512-OBESOc51q3SwgG8Uv8nMzGnSq7LJpSB/Fu8B3AjlZg6YtCEwRnlDWlnwNB6mdql+VdexfKmNcsrs4K7MYidmdQ==",
      "dev": true,
      "bin": {
        "wasm-opt": "bin/wasm-opt",
        "wasm2js": "bin/wasm2js"
      }
    },
    "node_modules/long": {
      "version": "5.2.1",
      "resolved": "https://registry.npmjs.org/long/-/long-5.2.1.tgz",
      "integrity": "sha512-GKSNGeNAtw8IryjjkhZxuKB3JzlcLTwjtiQCHKvqQet81I93kXslhDQruGI/QsddO83mcDToBVy7GqGS/zYf/A==",
      "dev": true
    }
  },
  "dependencies": {
    "assemblyscript": {
      "version": "0.26.1",
      "resolved": "https://registry.npmjs.org/assemblyscript/-/assemblyscript-0.26.1.tgz",
      "integrity": "sha512-RymqRhlvLaYg+5djizoA9tsUHL9LL9XjcDjdxCbgiMI7+/cvC01YJ53LpV2cynQ+QhHj2UcqE9CSNFDrDDnmkg==",
      "dev": true,
      "requires": {
        "binaryen": "110.0.0-nightly.20221105",
        "long": "^5.2.0"
      }
    },
    "binaryen": {
      "version": "110.0.0-nightly.20221105",
      "resolved": "https://registry.npmjs.org/binaryen/-/binaryen-110.0.0-nightly.20221105.tgz",
      "integrity": "sha512-OBESOc51q3SwgG8Uv8nMzGnSq7LJpSB/Fu8B3AjlZg6YtCEwRnlDWlnwNB6mdql+VdexfKmNcsrs4K7MYidmdQ==",
      "dev": true
    },
    "long": {
      "version": "5.2.1",
      "resolved": "https://registry.npmjs.org/long/-/long-5.2.1.tgz",
      "integrity": "sha512-GKSNGeNAtw8IryjjkhZxuKB3JzlcLTwjtiQCHKvqQet81I93kXslhDQruGI/QsddO83mcDToBVy7GqGS/zYf/A==",
      "dev": true
    }
  }
}
